
Microsoft Visual Studio Solution File, Format Version 12.00
# Visual Studio Version 16
VisualStudioVersion = 16.0.29709.97
MinimumVisualStudioVersion = 10.0.40219.1
Project("{FAE04EC0-301F-11D3-BF4B-00C04F79EFBC}") = "AngularJSAppWithDotNetCore", "AngularJSAppWithDotNetCore.csproj", "{A7DA9F72-BD8D-4136-BAC3-7A7A8E88B6A7}"
EndProject
Global
	GlobalSection(SolutionConfigurationPlatforms) = preSolution
		Debug|Any CPU = Debug|Any CPU
		Release|Any CPU = Release|Any CPU
	EndGlobalSection
	GlobalSection(ProjectConfigurationPlatforms) = postSolution
		{A7DA9F72-BD8D-4136-BAC3-7A7A8E88B6A7}.Debug|Any CPU.ActiveCfg = Debug|Any CPU
		{A7DA9F72-BD8D-4136-BAC3-7A7A8E88B6A7}.Debug|Any CPU.Build.0 = Debug|Any CPU
		{A7DA9F72-BD8D-4136-BAC3-7A7A8E88B6A7}.Release|Any CPU.ActiveCfg = Release|Any CPU
		{A7DA9F72-BD8D-4136-BAC3-7A7A8E88B6A7}.Release|Any CPU.Build.0 = Release|Any CPU
	EndGlobalSection
	GlobalSection(SolutionProperties) = preSolution
		HideSolutionNode = FALSE
	EndGlobalSection
	GlobalSection(ExtensibilityGlobals) = postSolution
		SolutionGuid = {3A0DFB85-E86F-4BE4-8E9F-EAF81F0A771B}
	EndGlobalSection
EndGlobal
